// !$*UTF8*$!
{
	archiveVersion = 1;
	classes = {
	};
	objectVersion = 56;
	objects = {

/* Begin PBXBuildFile section */
		1417B6AA29A696D900F7192F /* InstructionsViewController.swift in Sources */ = {isa = PBXBuildFile; fileRef = 1417B6A929A696D900F7192F /* InstructionsViewController.swift */; };
		143EACE929941BB600B80B87 /* HomeViewController.swift in Sources */ = {isa = PBXBuildFile; fileRef = 143EACE829941BB600B80B87 /* HomeViewController.swift */; };
		1455DFF4297B13E20024E086 /* Button.swift in Sources */ = {isa = PBXBuildFile; fileRef = 1455DFF3297B13E20024E086 /* Button.swift */; };
		14EC63822977205100C5249D /* AppDelegate.swift in Sources */ = {isa = PBXBuildFile; fileRef = 14EC63812977205100C5249D /* AppDelegate.swift */; };
		14EC63842977205100C5249D /* SceneDelegate.swift in Sources */ = {isa = PBXBuildFile; fileRef = 14EC63832977205100C5249D /* SceneDelegate.swift */; };
		14EC63862977205100C5249D /* ViewController.swift in Sources */ = {isa = PBXBuildFile; fileRef = 14EC63852977205100C5249D /* ViewController.swift */; };
		14EC63892977205100C5249D /* Main.storyboard in Resources */ = {isa = PBXBuildFile; fileRef = 14EC63872977205100C5249D /* Main.storyboard */; };
		14EC638B2977205500C5249D /* Assets.xcassets in Resources */ = {isa = PBXBuildFile; fileRef = 14EC638A2977205500C5249D /* Assets.xcassets */; };
		14EC638E2977205500C5249D /* LaunchScreen.storyboard in Resources */ = {isa = PBXBuildFile; fileRef = 14EC638C2977205500C5249D /* LaunchScreen.storyboard */; };
		14EC63962977289C00C5249D /* Square.swift in Sources */ = {isa = PBXBuildFile; fileRef = 14EC63952977289C00C5249D /* Square.swift */; };
		14EC639829772A3300C5249D /* Board.swift in Sources */ = {isa = PBXBuildFile; fileRef = 14EC639729772A3300C5249D /* Board.swift */; };
/* End PBXBuildFile section */

/* Begin PBXFileReference section */
		1417B6A929A696D900F7192F /* InstructionsViewController.swift */ = {isa = PBXFileReference; lastKnownFileType = sourcecode.swift; path = InstructionsViewController.swift; sourceTree = "<group>"; };
		143EACE829941BB600B80B87 /* HomeViewController.swift */ = {isa = PBXFileReference; lastKnownFileType = sourcecode.swift; path = HomeViewController.swift; sourceTree = "<group>"; };
		1455DFF3297B13E20024E086 /* Button.swift */ = {isa = PBXFileReference; lastKnownFileType = sourcecode.swift; path = Button.swift; sourceTree = "<group>"; };
		14EC637E2977205100C5249D /* Bombsweeper.app */ = {isa = PBXFileReference; explicitFileType = wrapper.application; includeInIndex = 0; path = Bombsweeper.app; sourceTree = BUILT_PRODUCTS_DIR; };
		14EC63812977205100C5249D /* AppDelegate.swift */ = {isa = PBXFileReference; lastKnownFileType = sourcecode.swift; path = AppDelegate.swift; sourceTree = "<group>"; };
		14EC63832977205100C5249D /* SceneDelegate.swift */ = {isa = PBXFileReference; lastKnownFileType = sourcecode.swift; path = SceneDelegate.swift; sourceTree = "<group>"; };
		14EC63852977205100C5249D /* ViewController.swift */ = {isa = PBXFileReference; lastKnownFileType = sourcecode.swift; path = ViewController.swift; sourceTree = "<group>"; };
		14EC63882977205100C5249D /* Base */ = {isa = PBXFileReference; lastKnownFileType = file.storyboard; name = Base; path = Base.lproj/Main.storyboard; sourceTree = "<group>"; };
		14EC638A2977205500C5249D /* Assets.xcassets */ = {isa = PBXFileReference; lastKnownFileType = folder.assetcatalog; path = Assets.xcassets; sourceTree = "<group>"; };
		14EC638D2977205500C5249D /* Base */ = {isa = PBXFileReference; lastKnownFileType = file.storyboard; name = Base; path = Base.lproj/LaunchScreen.storyboard; sourceTree = "<group>"; };
		14EC638F2977205500C5249D /* Info.plist */ = {isa = PBXFileReference; lastKnownFileType = text.plist.xml; path = Info.plist; sourceTree = "<group>"; };
		14EC63952977289C00C5249D /* Square.swift */ = {isa = PBXFileReference; lastKnownFileType = sourcecode.swift; path = Square.swift; sourceTree = "<group>"; };
		14EC639729772A3300C5249D /* Board.swift */ = {isa = PBXFileReference; lastKnownFileType = sourcecode.swift; path = Board.swift; sourceTree = "<group>"; };
/* End PBXFileReference section */

/* Begin PBXFrameworksBuildPhase section */
		14EC637B2977205100C5249D /* Frameworks */ = {
			isa = PBXFrameworksBuildPhase;
			buildActionMask = 2147483647;
			files = (
			);
			runOnlyForDeploymentPostprocessing = 0;
		};
/* End PBXFrameworksBuildPhase section */

/* Begin PBXGroup section */
		14EC63752977205100C5249D = {
			isa = PBXGroup;
			children = (
				14EC63802977205100C5249D /* Bombsweeper */,
				14EC637F2977205100C5249D /* Products */,
			);
			sourceTree = "<group>";
		};
		14EC637F2977205100C5249D /* Products */ = {
			isa = PBXGroup;
			children = (
				14EC637E2977205100C5249D /* Bombsweeper.app */,
			);
			name = Products;
			sourceTree = "<group>";
		};
		14EC63802977205100C5249D /* Bombsweeper */ = {
			isa = PBXGroup;
			children = (
				14EC63812977205100C5249D /* AppDelegate.swift */,
				14EC63832977205100C5249D /* SceneDelegate.swift */,
				14EC63852977205100C5249D /* ViewController.swift */,
				143EACE829941BB600B80B87 /* HomeViewController.swift */,
				1417B6A929A696D900F7192F /* InstructionsViewController.swift */,
				14EC63952977289C00C5249D /* Square.swift */,
				14EC639729772A3300C5249D /* Board.swift */,
				1455DFF3297B13E20024E086 /* Button.swift */,
				14EC63872977205100C5249D /* Main.storyboard */,
				14EC638A2977205500C5249D /* Assets.xcassets */,
				14EC638C2977205500C5249D /* LaunchScreen.storyboard */,
				14EC638F2977205500C5249D /* Info.plist */,
			);
			path = Bombsweeper;
			sourceTree = "<group>";
		};
/* End PBXGroup section */

/* Begin PBXNativeTarget section */
		14EC637D2977205100C5249D /* Bombsweeper */ = {
			isa = PBXNativeTarget;
			buildConfigurationList = 14EC63922977205500C5249D /* Build configuration list for PBXNativeTarget "Bombsweeper" */;
			buildPhases = (
				14EC637A2977205100C5249D /* Sources */,
				14EC637B2977205100C5249D /* Frameworks */,
				14EC637C2977205100C5249D /* Resources */,
			);
			buildRules = (
			);
			dependencies = (
			);
			name = Bombsweeper;
			productName = Bombsweeper;
			productReference = 14EC637E2977205100C5249D /* Bombsweeper.app */;
			productType = "com.apple.product-type.application";
		};
/* End PBXNativeTarget section */

/* Begin PBXProject section */
		14EC63762977205100C5249D /* Project object */ = {
			isa = PBXProject;
			attributes = {
				BuildIndependentTargetsInParallel = 1;
				LastSwiftUpdateCheck = 1420;
				LastUpgradeCheck = 1420;
				TargetAttributes = {
					14EC637D2977205100C5249D = {
						CreatedOnToolsVersion = 14.2;
					};
				};
			};
			buildConfigurationList = 14EC63792977205100C5249D /* Build configuration list for PBXProject "Bombsweeper" */;
			compatibilityVersion = "Xcode 14.0";
			developmentRegion = en;
			hasScannedForEncodings = 0;
			knownRegions = (
				en,
				Base,
			);
			mainGroup = 14EC63752977205100C5249D;
			productRefGroup = 14EC637F2977205100C5249D /* Products */;
			projectDirPath = "";
			projectRoot = "";
			targets = (
				14EC637D2977205100C5249D /* Bombsweeper */,
			);
		};
/* End PBXProject section */

/* Begin PBXResourcesBuildPhase section */
		14EC637C2977205100C5249D /* Resources */ = {
			isa = PBXResourcesBuildPhase;
			buildActionMask = 2147483647;
			files = (
				14EC638E2977205500C5249D /* LaunchScreen.storyboard in Resources */,
				14EC638B2977205500C5249D /* Assets.xcassets in Resources */,
				14EC63892977205100C5249D /* Main.storyboard in Resources */,
			);
			runOnlyForDeploymentPostprocessing = 0;
		};
/* End PBXResourcesBuildPhase section */

/* Begin PBXSourcesBuildPhase section */
		14EC637A2977205100C5249D /* Sources */ = {
			isa = PBXSourcesBuildPhase;
			buildActionMask = 2147483647;
			files = (
				14EC63962977289C00C5249D /* Square.swift in Sources */,
				1455DFF4297B13E20024E086 /* Button.swift in Sources */,
				14EC63862977205100C5249D /* ViewController.swift in Sources */,
				14EC639829772A3300C5249D /* Board.swift in Sources */,
				14EC63822977205100C5249D /* AppDelegate.swift in Sources */,
				143EACE929941BB600B80B87 /* HomeViewController.swift in Sources */,
				1417B6AA29A696D900F7192F /* InstructionsViewController.swift in Sources */,
				14EC63842977205100C5249D /* SceneDelegate.swift in Sources */,
			);
			runOnlyForDeploymentPostprocessing = 0;
		};
/* End PBXSourcesBuildPhase section */

/* Begin PBXVariantGroup section */
		14EC63872977205100C5249D /* Main.storyboard */ = {
			isa = PBXVariantGroup;
			children = (
				14EC63882977205100C5249D /* Base */,
			);
			name = Main.storyboard;
			sourceTree = "<group>";
		};
		14EC638C2977205500C5249D /* LaunchScreen.storyboard */ = {
			isa = PBXVariantGroup;
			children = (
				14EC638D2977205500C5249D /* Base */,
			);
			name = LaunchScreen.storyboard;
			sourceTree = "<group>";
		};
/* End PBXVariantGroup section */

/* Begin XCBuildConfiguration section */
		14EC63902977205500C5249D /* Debug */ = {
			isa = XCBuildConfiguration;
			buildSettings = {
				ALWAYS_SEARCH_USER_PATHS = NO;
				CLANG_ANALYZER_NONNULL = YES;
				CLANG_ANALYZER_NUMBER_OBJECT_CONVERSION = YES_AGGRESSIVE;
				CLANG_CXX_LANGUAGE_STANDARD = "gnu++20";
				CLANG_ENABLE_MODULES = YES;
				CLANG_ENABLE_OBJC_ARC = YES;
				CLANG_ENABLE_OBJC_WEAK = YES;
				CLANG_WARN_BLOCK_CAPTURE_AUTORELEASING = YES;
				CLANG_WARN_BOOL_CONVERSION = YES;
				CLANG_WARN_COMMA = YES;
				CLANG_WARN_CONSTANT_CONVERSION = YES;
				CLANG_WARN_DEPRECATED_OBJC_IMPLEMENTATIONS = YES;
				CLANG_WARN_DIRECT_OBJC_ISA_USAGE = YES_ERROR;
				CLANG_WARN_DOCUMENTATION_COMMENTS = YES;
				CLANG_WARN_EMPTY_BODY = YES;
				CLANG_WARN_ENUM_CONVERSION = YES;
				CLANG_WARN_INFINITE_RECURSION = YES;
				CLANG_WARN_INT_CONVERSION = YES;
				CLANG_WARN_NON_LITERAL_NULL_CONVERSION = YES;
				CLANG_WARN_OBJC_IMPLICIT_RETAIN_SELF = YES;
				CLANG_WARN_OBJC_LITERAL_CONVERSION = YES;
				CLANG_WARN_OBJC_ROOT_CLASS = YES_ERROR;
				CLANG_WARN_QUOTED_INCLUDE_IN_FRAMEWORK_HEADER = YES;
				CLANG_WARN_RANGE_LOOP_ANALYSIS = YES;
				CLANG_WARN_STRICT_PROTOTYPES = YES;
				CLANG_WARN_SUSPICIOUS_MOVE = YES;
				CLANG_WARN_UNGUARDED_AVAILABILITY = YES_AGGRESSIVE;
				CLANG_WARN_UNREACHABLE_CODE = YES;
				CLANG_WARN__DUPLICATE_METHOD_MATCH = YES;
				COPY_PHASE_STRIP = NO;
				DEBUG_INFORMATION_FORMAT = dwarf;
				ENABLE_STRICT_OBJC_MSGSEND = YES;
				ENABLE_TESTABILITY = YES;
				GCC_C_LANGUAGE_STANDARD = gnu11;
				GCC_DYNAMIC_NO_PIC = NO;
				GCC_NO_COMMON_BLOCKS = YES;
				GCC_OPTIMIZATION_LEVEL = 0;
				GCC_PREPROCESSOR_DEFINITIONS = (
					"DEBUG=1",
					"$(inherited)",
				);
				GCC_WARN_64_TO_32_BIT_CONVERSION = YES;
				GCC_WARN_ABOUT_RETURN_TYPE = YES_ERROR;
				GCC_WARN_UNDECLARED_SELECTOR = YES;
				GCC_WARN_UNINITIALIZED_AUTOS = YES_AGGRESSIVE;
				GCC_WARN_UNUSED_FUNCTION = YES;
				GCC_WARN_UNUSED_VARIABLE = YES;
				IPHONEOS_DEPLOYMENT_TARGET = 16.2;
				MTL_ENABLE_DEBUG_INFO = INCLUDE_SOURCE;
				MTL_FAST_MATH = YES;
				ONLY_ACTIVE_ARCH = YES;
				SDKROOT = iphoneos;
				SWIFT_ACTIVE_COMPILATION_CONDITIONS = DEBUG;
				SWIFT_OPTIMIZATION_LEVEL = "-Onone";
			};
			name = Debug;
		};
		14EC63912977205500C5249D /* Release */ = {
			isa = XCBuildConfiguration;
			buildSettings = {
				ALWAYS_SEARCH_USER_PATHS = NO;
				CLANG_ANALYZER_NONNULL = YES;
				CLANG_ANALYZER_NUMBER_OBJECT_CONVERSION = YES_AGGRESSIVE;
				CLANG_CXX_LANGUAGE_STANDARD = "gnu++20";
				CLANG_ENABLE_MODULES = YES;
				CLANG_ENABLE_OBJC_ARC = YES;
				CLANG_ENABLE_OBJC_WEAK = YES;
				CLANG_WARN_BLOCK_CAPTURE_AUTORELEASING = YES;
				CLANG_WARN_BOOL_CONVERSION = YES;
				CLANG_WARN_COMMA = YES;
				CLANG_WARN_CONSTANT_CONVERSION = YES;
				CLANG_WARN_DEPRECATED_OBJC_IMPLEMENTATIONS = YES;
				CLANG_WARN_DIRECT_OBJC_ISA_USAGE = YES_ERROR;
				CLANG_WARN_DOCUMENTATION_COMMENTS = YES;
				CLANG_WARN_EMPTY_BODY = YES;
				CLANG_WARN_ENUM_CONVERSION = YES;
				CLANG_WARN_INFINITE_RECURSION = YES;
				CLANG_WARN_INT_CONVERSION = YES;
				CLANG_WARN_NON_LITERAL_NULL_CONVERSION = YES;
				CLANG_WARN_OBJC_IMPLICIT_RETAIN_SELF = YES;
				CLANG_WARN_OBJC_LITERAL_CONVERSION = YES;
				CLANG_WARN_OBJC_ROOT_CLASS = YES_ERROR;
				CLANG_WARN_QUOTED_INCLUDE_IN_FRAMEWORK_HEADER = YES;
				CLANG_WARN_RANGE_LOOP_ANALYSIS = YES;
				CLANG_WARN_STRICT_PROTOTYPES = YES;
				CLANG_WARN_SUSPICIOUS_MOVE = YES;
				CLANG_WARN_UNGUARDED_AVAILABILITY = YES_AGGRESSIVE;
				CLANG_WARN_UNREACHABLE_CODE = YES;
				CLANG_WARN__DUPLICATE_METHOD_MATCH = YES;
				COPY_PHASE_STRIP = NO;
				DEBUG_INFORMATION_FORMAT = "dwarf-with-dsym";
				ENABLE_NS_ASSERTIONS = NO;
				ENABLE_STRICT_OBJC_MSGSEND = YES;
				GCC_C_LANGUAGE_STANDARD = gnu11;
				GCC_NO_COMMON_BLOCKS = YES;
				GCC_WARN_64_TO_32_BIT_CONVERSION = YES;
				GCC_WARN_ABOUT_RETURN_TYPE = YES_ERROR;
				GCC_WARN_UNDECLARED_SELECTOR = YES;
				GCC_WARN_UNINITIALIZED_AUTOS = YES_AGGRESSIVE;
				GCC_WARN_UNUSED_FUNCTION = YES;
				GCC_WARN_UNUSED_VARIABLE = YES;
				IPHONEOS_DEPLOYMENT_TARGET = 16.2;
				MTL_ENABLE_DEBUG_INFO = NO;
				MTL_FAST_MATH = YES;
				SDKROOT = iphoneos;
				SWIFT_COMPILATION_MODE = wholemodule;
				SWIFT_OPTIMIZATION_LEVEL = "-O";
				VALIDATE_PRODUCT = YES;
			};
			name = Release;
		};
		14EC63932977205500C5249D /* Debug */ = {
			isa = XCBuildConfiguration;
			buildSettings = {
				ASSETCATALOG_COMPILER_APPICON_NAME = AppIcon;
				ASSETCATALOG_COMPILER_GLOBAL_ACCENT_COLOR_NAME = AccentColor;
				CODE_SIGN_STYLE = Automatic;
				CURRENT_PROJECT_VERSION = 1;
				DEVELOPMENT_TEAM = V6H7MAVTM9;
				GENERATE_INFOPLIST_FILE = YES;
				INFOPLIST_FILE = Bombsweeper/Info.plist;
				INFOPLIST_KEY_UIApplicationSupportsIndirectInputEvents = YES;
				INFOPLIST_KEY_UILaunchStoryboardName = LaunchScreen;
				INFOPLIST_KEY_UIMainStoryboardFile = Main;
				INFOPLIST_KEY_UISupportedInterfaceOrientations = UIInterfaceOrientationPortrait;
				IPHONEOS_DEPLOYMENT_TARGET = 15.0;
				LD_RUNPATH_SEARCH_PATHS = (
					"$(inherited)",
					"@executable_path/Frameworks",
				);
				MARKETING_VERSION = 1.0;
				PRODUCT_BUNDLE_IDENTIFIER = com.jonesclass.chirica.Bombsweeper;
				PRODUCT_NAME = "$(TARGET_NAME)";
				SWIFT_EMIT_LOC_STRINGS = YES;
				SWIFT_VERSION = 5.0;
				TARGETED_DEVICE_FAMILY = "1,2";
			};
			name = Debug;
		};
		14EC63942977205500C5249D /* Release */ = {
			isa = XCBuildConfiguration;
			buildSettings = {
				ASSETCATALOG_COMPILER_APPICON_NAME = AppIcon;
				ASSETCATALOG_COMPILER_GLOBAL_ACCENT_COLOR_NAME = AccentColor;
				CODE_SIGN_STYLE = Automatic;
				CURRENT_PROJECT_VERSION = 1;
				DEVELOPMENT_TEAM = V6H7MAVTM9;
				GENERATE_INFOPLIST_FILE = YES;
				INFOPLIST_FILE = Bombsweeper/Info.plist;
				INFOPLIST_KEY_UIApplicationSupportsIndirectInputEvents = YES;
				INFOPLIST_KEY_UILaunchStoryboardName = LaunchScreen;
				INFOPLIST_KEY_UIMainStoryboardFile = Main;
				INFOPLIST_KEY_UISupportedInterfaceOrientations = UIInterfaceOrientationPortrait;
				IPHONEOS_DEPLOYMENT_TARGET = 15.0;
				LD_RUNPATH_SEARCH_PATHS = (
					"$(inherited)",
					"@executable_path/Frameworks",
				);
				MARKETING_VERSION = 1.0;
				PRODUCT_BUNDLE_IDENTIFIER = com.jonesclass.chirica.Bombsweeper;
				PRODUCT_NAME = "$(TARGET_NAME)";
				SWIFT_EMIT_LOC_STRINGS = YES;
				SWIFT_VERSION = 5.0;
				TARGETED_DEVICE_FAMILY = "1,2";
			};
			name = Release;
		};
/* End XCBuildConfiguration section */

/* Begin XCConfigurationList section */
		14EC63792977205100C5249D /* Build configuration list for PBXProject "Bombsweeper" */ = {
			isa = XCConfigurationList;
			buildConfigurations = (
				14EC63902977205500C5249D /* Debug */,
				14EC63912977205500C5249D /* Release */,
			);
			defaultConfigurationIsVisible = 0;
			defaultConfigurationName = Release;
		};
		14EC63922977205500C5249D /* Build configuration list for PBXNativeTarget "Bombsweeper" */ = {
			isa = XCConfigurationList;
			buildConfigurations = (
				14EC63932977205500C5249D /* Debug */,
				14EC63942977205500C5249D /* Release */,
			);
			defaultConfigurationIsVisible = 0;
			defaultConfigurationName = Release;
		};
/* End XCConfigurationList section */
	};
	rootObject = 14EC63762977205100C5249D /* Project object */;
}
